
Microsoft Visual Studio Solution File, Format Version 12.00
# Visual Studio Version 16
VisualStudioVersion = 16.0.31515.178
MinimumVisualStudioVersion = 10.0.40219.1
Project("{9A19103F-16F7-4668-BE54-9A1E7A4F7556}") = "TechnicalTest.Api", "TechnicalTest.Api\TechnicalTest.Api.csproj", "{E87D3EDF-4929-47B4-A4BC-5BCBB03AC71B}"
EndProject
Project("{9A19103F-16F7-4668-BE54-9A1E7A4F7556}") = "TechnicalTest.Core", "TechnicalTest.Core\TechnicalTest.Core.csproj", "{A207E198-3AB1-4224-9F8C-5870214159FD}"
EndProject
Project("{9A19103F-16F7-4668-BE54-9A1E7A4F7556}") = "TechnicalTest.DataAccess", "TechnicalTest.DataAccess\TechnicalTest.DataAccess.csproj", "{DF3BC7A0-9F3A-41E8-9928-A5FD426A82B0}"
EndProject
Project("{FAE04EC0-301F-11D3-BF4B-00C04F79EFBC}") = "TechnicalTest.Service", "TechnicalTest.Service\TechnicalTest.Service.csproj", "{5C750F91-B211-44D1-AD2E-7B163CD83CE6}"
EndProject
Global
	GlobalSection(SolutionConfigurationPlatforms) = preSolution
		Debug|Any CPU = Debug|Any CPU
		Release|Any CPU = Release|Any CPU
	EndGlobalSection
	GlobalSection(ProjectConfigurationPlatforms) = postSolution
		{E87D3EDF-4929-47B4-A4BC-5BCBB03AC71B}.Debug|Any CPU.ActiveCfg = Debug|Any CPU
		{E87D3EDF-4929-47B4-A4BC-5BCBB03AC71B}.Debug|Any CPU.Build.0 = Debug|Any CPU
		{E87D3EDF-4929-47B4-A4BC-5BCBB03AC71B}.Release|Any CPU.ActiveCfg = Release|Any CPU
		{E87D3EDF-4929-47B4-A4BC-5BCBB03AC71B}.Release|Any CPU.Build.0 = Release|Any CPU
		{A207E198-3AB1-4224-9F8C-5870214159FD}.Debug|Any CPU.ActiveCfg = Debug|Any CPU
		{A207E198-3AB1-4224-9F8C-5870214159FD}.Debug|Any CPU.Build.0 = Debug|Any CPU
		{A207E198-3AB1-4224-9F8C-5870214159FD}.Release|Any CPU.ActiveCfg = Release|Any CPU
		{A207E198-3AB1-4224-9F8C-5870214159FD}.Release|Any CPU.Build.0 = Release|Any CPU
		{DF3BC7A0-9F3A-41E8-9928-A5FD426A82B0}.Debug|Any CPU.ActiveCfg = Debug|Any CPU
		{DF3BC7A0-9F3A-41E8-9928-A5FD426A82B0}.Debug|Any CPU.Build.0 = Debug|Any CPU
		{DF3BC7A0-9F3A-41E8-9928-A5FD426A82B0}.Release|Any CPU.ActiveCfg = Release|Any CPU
		{DF3BC7A0-9F3A-41E8-9928-A5FD426A82B0}.Release|Any CPU.Build.0 = Release|Any CPU
		{5C750F91-B211-44D1-AD2E-7B163CD83CE6}.Debug|Any CPU.ActiveCfg = Debug|Any CPU
		{5C750F91-B211-44D1-AD2E-7B163CD83CE6}.Debug|Any CPU.Build.0 = Debug|Any CPU
		{5C750F91-B211-44D1-AD2E-7B163CD83CE6}.Release|Any CPU.ActiveCfg = Release|Any CPU
		{5C750F91-B211-44D1-AD2E-7B163CD83CE6}.Release|Any CPU.Build.0 = Release|Any CPU
	EndGlobalSection
	GlobalSection(SolutionProperties) = preSolution
		HideSolutionNode = FALSE
	EndGlobalSection
	GlobalSection(ExtensibilityGlobals) = postSolution
		SolutionGuid = {5BDC23DF-B807-4666-A60C-3110E971ED1A}
	EndGlobalSection
EndGlobal
